
Microsoft Visual Studio Solution File, Format Version 12.00
# Visual Studio Version 16
VisualStudioVersion = 16.0.31229.75
MinimumVisualStudioVersion = 10.0.40219.1
Project("{9A19103F-16F7-4668-BE54-9A1E7A4F7556}") = "CryptoPrice.Api", "CryptoPrice.Api.csproj", "{3A630FDE-DEAE-4F5E-AFEE-6AE7EC9931EA}"
EndProject
Project("{9A19103F-16F7-4668-BE54-9A1E7A4F7556}") = "CryptoPrice.TestConsole", "CryptoPrice.TestConsole\CryptoPrice.TestConsole.csproj", "{E6FA9F3E-8474-4734-BCDC-A49ECD27E211}"
EndProject
Global
	GlobalSection(SolutionConfigurationPlatforms) = preSolution
		Debug|Any CPU = Debug|Any CPU
		Release|Any CPU = Release|Any CPU
	EndGlobalSection
	GlobalSection(ProjectConfigurationPlatforms) = postSolution
		{3A630FDE-DEAE-4F5E-AFEE-6AE7EC9931EA}.Debug|Any CPU.ActiveCfg = Debug|Any CPU
		{3A630FDE-DEAE-4F5E-AFEE-6AE7EC9931EA}.Debug|Any CPU.Build.0 = Debug|Any CPU
		{3A630FDE-DEAE-4F5E-AFEE-6AE7EC9931EA}.Release|Any CPU.ActiveCfg = Release|Any CPU
		{3A630FDE-DEAE-4F5E-AFEE-6AE7EC9931EA}.Release|Any CPU.Build.0 = Release|Any CPU
		{E6FA9F3E-8474-4734-BCDC-A49ECD27E211}.Debug|Any CPU.ActiveCfg = Debug|Any CPU
		{E6FA9F3E-8474-4734-BCDC-A49ECD27E211}.Debug|Any CPU.Build.0 = Debug|Any CPU
		{E6FA9F3E-8474-4734-BCDC-A49ECD27E211}.Release|Any CPU.ActiveCfg = Release|Any CPU
		{E6FA9F3E-8474-4734-BCDC-A49ECD27E211}.Release|Any CPU.Build.0 = Release|Any CPU
	EndGlobalSection
	GlobalSection(SolutionProperties) = preSolution
		HideSolutionNode = FALSE
	EndGlobalSection
	GlobalSection(ExtensibilityGlobals) = postSolution
		SolutionGuid = {B8A32304-93E5-481A-9E25-CA48A3EFA636}
	EndGlobalSection
EndGlobal
